// !$*UTF8*$!
{
	archiveVersion = 1;
	classes = {
	};
	objectVersion = 46;
	objects = {

/* Begin PBXBuildFile section */
		01293FAF1D7E5DF300B259D3 /* LWCenterBtn.m in Sources */ = {isa = PBXBuildFile; fileRef = 01293FAE1D7E5DF300B259D3 /* LWCenterBtn.m */; };
		01293FB21D7E619A00B259D3 /* LWCenterViewController.m in Sources */ = {isa = PBXBuildFile; fileRef = 01293FB11D7E619A00B259D3 /* LWCenterViewController.m */; };
		0145558F1D7D62C90046600A /* main.m in Sources */ = {isa = PBXBuildFile; fileRef = 0145558E1D7D62C90046600A /* main.m */; };
		014555921D7D62C90046600A /* AppDelegate.m in Sources */ = {isa = PBXBuildFile; fileRef = 014555911D7D62C90046600A /* AppDelegate.m */; };
		014555981D7D62C90046600A /* Main.storyboard in Resources */ = {isa = PBXBuildFile; fileRef = 014555961D7D62C90046600A /* Main.storyboard */; };
		0145559A1D7D62C90046600A /* Assets.xcassets in Resources */ = {isa = PBXBuildFile; fileRef = 014555991D7D62C90046600A /* Assets.xcassets */; };
		0145559D1D7D62C90046600A /* LaunchScreen.storyboard in Resources */ = {isa = PBXBuildFile; fileRef = 0145559B1D7D62C90046600A /* LaunchScreen.storyboard */; };
		014555A81D7D62C90046600A /* LWTabbarTests.m in Sources */ = {isa = PBXBuildFile; fileRef = 014555A71D7D62C90046600A /* LWTabbarTests.m */; };
		014555B31D7D62C90046600A /* LWTabbarUITests.m in Sources */ = {isa = PBXBuildFile; fileRef = 014555B21D7D62C90046600A /* LWTabbarUITests.m */; };
		014555C21D7D63100046600A /* LWTabbarController.m in Sources */ = {isa = PBXBuildFile; fileRef = 014555C11D7D63100046600A /* LWTabbarController.m */; };
		014555C91D7D65B60046600A /* UIImage+Image.m in Sources */ = {isa = PBXBuildFile; fileRef = 014555C61D7D65B60046600A /* UIImage+Image.m */; };
		014555CA1D7D65B60046600A /* UIView+Frame.m in Sources */ = {isa = PBXBuildFile; fileRef = 014555C81D7D65B60046600A /* UIView+Frame.m */; };
		014555CD1D7D66C60046600A /* LWNavigationController.m in Sources */ = {isa = PBXBuildFile; fileRef = 014555CC1D7D66C60046600A /* LWNavigationController.m */; };
		014555D31D7D68B00046600A /* HomeViewController.m in Sources */ = {isa = PBXBuildFile; fileRef = 014555D21D7D68B00046600A /* HomeViewController.m */; };
		014555D61D7D68C00046600A /* SecondViewController.m in Sources */ = {isa = PBXBuildFile; fileRef = 014555D51D7D68C00046600A /* SecondViewController.m */; };
		014555D91D7D68C80046600A /* ThirdViewController.m in Sources */ = {isa = PBXBuildFile; fileRef = 014555D81D7D68C80046600A /* ThirdViewController.m */; };
		014555DC1D7D68D00046600A /* MineViewController.m in Sources */ = {isa = PBXBuildFile; fileRef = 014555DB1D7D68D00046600A /* MineViewController.m */; };
/* End PBXBuildFile section */

/* Begin PBXContainerItemProxy section */
		014555A41D7D62C90046600A /* PBXContainerItemProxy */ = {
			isa = PBXContainerItemProxy;
			containerPortal = 014555821D7D62C90046600A /* Project object */;
			proxyType = 1;
			remoteGlobalIDString = 014555891D7D62C90046600A;
			remoteInfo = LWTabbar;
		};
		014555AF1D7D62C90046600A /* PBXContainerItemProxy */ = {
			isa = PBXContainerItemProxy;
			containerPortal = 014555821D7D62C90046600A /* Project object */;
			proxyType = 1;
			remoteGlobalIDString = 014555891D7D62C90046600A;
			remoteInfo = LWTabbar;
		};
/* End PBXContainerItemProxy section */

/* Begin PBXFileReference section */
		01293FAD1D7E5DF300B259D3 /* LWCenterBtn.h */ = {isa = PBXFileReference; fileEncoding = 4; lastKnownFileType = sourcecode.c.h; path = LWCenterBtn.h; sourceTree = "<group>"; };
		01293FAE1D7E5DF300B259D3 /* LWCenterBtn.m */ = {isa = PBXFileReference; fileEncoding = 4; lastKnownFileType = sourcecode.c.objc; path = LWCenterBtn.m; sourceTree = "<group>"; };
		01293FB01D7E619A00B259D3 /* LWCenterViewController.h */ = {isa = PBXFileReference; fileEncoding = 4; lastKnownFileType = sourcecode.c.h; path = LWCenterViewController.h; sourceTree = "<group>"; };
		01293FB11D7E619A00B259D3 /* LWCenterViewController.m */ = {isa = PBXFileReference; fileEncoding = 4; lastKnownFileType = sourcecode.c.objc; path = LWCenterViewController.m; sourceTree = "<group>"; };
		0145558A1D7D62C90046600A /* LWTabbar.app */ = {isa = PBXFileReference; explicitFileType = wrapper.application; includeInIndex = 0; path = LWTabbar.app; sourceTree = BUILT_PRODUCTS_DIR; };
		0145558E1D7D62C90046600A /* main.m */ = {isa = PBXFileReference; lastKnownFileType = sourcecode.c.objc; path = main.m; sourceTree = "<group>"; };
		014555901D7D62C90046600A /* AppDelegate.h */ = {isa = PBXFileReference; lastKnownFileType = sourcecode.c.h; path = AppDelegate.h; sourceTree = "<group>"; };
		014555911D7D62C90046600A /* AppDelegate.m */ = {isa = PBXFileReference; lastKnownFileType = sourcecode.c.objc; path = AppDelegate.m; sourceTree = "<group>"; };
		014555971D7D62C90046600A /* Base */ = {isa = PBXFileReference; lastKnownFileType = file.storyboard; name = Base; path = Base.lproj/Main.storyboard; sourceTree = "<group>"; };
		014555991D7D62C90046600A /* Assets.xcassets */ = {isa = PBXFileReference; lastKnownFileType = folder.assetcatalog; path = Assets.xcassets; sourceTree = "<group>"; };
		0145559C1D7D62C90046600A /* Base */ = {isa = PBXFileReference; lastKnownFileType = file.storyboard; name = Base; path = Base.lproj/LaunchScreen.storyboard; sourceTree = "<group>"; };
		0145559E1D7D62C90046600A /* Info.plist */ = {isa = PBXFileReference; lastKnownFileType = text.plist.xml; path = Info.plist; sourceTree = "<group>"; };
		014555A31D7D62C90046600A /* LWTabbarTests.xctest */ = {isa = PBXFileReference; explicitFileType = wrapper.cfbundle; includeInIndex = 0; path = LWTabbarTests.xctest; sourceTree = BUILT_PRODUCTS_DIR; };
		014555A71D7D62C90046600A /* LWTabbarTests.m */ = {isa = PBXFileReference; lastKnownFileType = sourcecode.c.objc; path = LWTabbarTests.m; sourceTree = "<group>"; };
		014555A91D7D62C90046600A /* Info.plist */ = {isa = PBXFileReference; lastKnownFileType = text.plist.xml; path = Info.plist; sourceTree = "<group>"; };
		014555AE1D7D62C90046600A /* LWTabbarUITests.xctest */ = {isa = PBXFileReference; explicitFileType = wrapper.cfbundle; includeInIndex = 0; path = LWTabbarUITests.xctest; sourceTree = BUILT_PRODUCTS_DIR; };
		014555B21D7D62C90046600A /* LWTabbarUITests.m */ = {isa = PBXFileReference; lastKnownFileType = sourcecode.c.objc; path = LWTabbarUITests.m; sourceTree = "<group>"; };
		014555B41D7D62C90046600A /* Info.plist */ = {isa = PBXFileReference; lastKnownFileType = text.plist.xml; path = Info.plist; sourceTree = "<group>"; };
		014555C01D7D63100046600A /* LWTabbarController.h */ = {isa = PBXFileReference; fileEncoding = 4; lastKnownFileType = sourcecode.c.h; path = LWTabbarController.h; sourceTree = "<group>"; };
		014555C11D7D63100046600A /* LWTabbarController.m */ = {isa = PBXFileReference; fileEncoding = 4; lastKnownFileType = sourcecode.c.objc; path = LWTabbarController.m; sourceTree = "<group>"; };
		014555C51D7D65B60046600A /* UIImage+Image.h */ = {isa = PBXFileReference; fileEncoding = 4; lastKnownFileType = sourcecode.c.h; path = "UIImage+Image.h"; sourceTree = "<group>"; };
		014555C61D7D65B60046600A /* UIImage+Image.m */ = {isa = PBXFileReference; fileEncoding = 4; lastKnownFileType = sourcecode.c.objc; path = "UIImage+Image.m"; sourceTree = "<group>"; };
		014555C71D7D65B60046600A /* UIView+Frame.h */ = {isa = PBXFileReference; fileEncoding = 4; lastKnownFileType = sourcecode.c.h; path = "UIView+Frame.h"; sourceTree = "<group>"; };
		014555C81D7D65B60046600A /* UIView+Frame.m */ = {isa = PBXFileReference; fileEncoding = 4; lastKnownFileType = sourcecode.c.objc; path = "UIView+Frame.m"; sourceTree = "<group>"; };
		014555CB1D7D66C60046600A /* LWNavigationController.h */ = {isa = PBXFileReference; fileEncoding = 4; lastKnownFileType = sourcecode.c.h; path = LWNavigationController.h; sourceTree = "<group>"; };
		014555CC1D7D66C60046600A /* LWNavigationController.m */ = {isa = PBXFileReference; fileEncoding = 4; lastKnownFileType = sourcecode.c.objc; path = LWNavigationController.m; sourceTree = "<group>"; };
		014555D11D7D68B00046600A /* HomeViewController.h */ = {isa = PBXFileReference; fileEncoding = 4; lastKnownFileType = sourcecode.c.h; path = HomeViewController.h; sourceTree = "<group>"; };
		014555D21D7D68B00046600A /* HomeViewController.m */ = {isa = PBXFileReference; fileEncoding = 4; lastKnownFileType = sourcecode.c.objc; path = HomeViewController.m; sourceTree = "<group>"; };
		014555D41D7D68C00046600A /* SecondViewController.h */ = {isa = PBXFileReference; fileEncoding = 4; lastKnownFileType = sourcecode.c.h; path = SecondViewController.h; sourceTree = "<group>"; };
		014555D51D7D68C00046600A /* SecondViewController.m */ = {isa = PBXFileReference; fileEncoding = 4; lastKnownFileType = sourcecode.c.objc; path = SecondViewController.m; sourceTree = "<group>"; };
		014555D71D7D68C80046600A /* ThirdViewController.h */ = {isa = PBXFileReference; fileEncoding = 4; lastKnownFileType = sourcecode.c.h; path = ThirdViewController.h; sourceTree = "<group>"; };
		014555D81D7D68C80046600A /* ThirdViewController.m */ = {isa = PBXFileReference; fileEncoding = 4; lastKnownFileType = sourcecode.c.objc; path = ThirdViewController.m; sourceTree = "<group>"; };
		014555DA1D7D68D00046600A /* MineViewController.h */ = {isa = PBXFileReference; fileEncoding = 4; lastKnownFileType = sourcecode.c.h; path = MineViewController.h; sourceTree = "<group>"; };
		014555DB1D7D68D00046600A /* MineViewController.m */ = {isa = PBXFileReference; fileEncoding = 4; lastKnownFileType = sourcecode.c.objc; path = MineViewController.m; sourceTree = "<group>"; };
/* End PBXFileReference section */

/* Begin PBXFrameworksBuildPhase section */
		014555871D7D62C90046600A /* Frameworks */ = {
			isa = PBXFrameworksBuildPhase;
			buildActionMask = 2147483647;
			files = (
			);
			runOnlyForDeploymentPostprocessing = 0;
		};
		014555A01D7D62C90046600A /* Frameworks */ = {
			isa = PBXFrameworksBuildPhase;
			buildActionMask = 2147483647;
			files = (
			);
			runOnlyForDeploymentPostprocessing = 0;
		};
		014555AB1D7D62C90046600A /* Frameworks */ = {
			isa = PBXFrameworksBuildPhase;
			buildActionMask = 2147483647;
			files = (
			);
			runOnlyForDeploymentPostprocessing = 0;
		};
/* End PBXFrameworksBuildPhase section */

/* Begin PBXGroup section */
		014555811D7D62C90046600A = {
			isa = PBXGroup;
			children = (
				0145558C1D7D62C90046600A /* LWTabbar */,
				014555A61D7D62C90046600A /* LWTabbarTests */,
				014555B11D7D62C90046600A /* LWTabbarUITests */,
				0145558B1D7D62C90046600A /* Products */,
			);
			sourceTree = "<group>";
		};
		0145558B1D7D62C90046600A /* Products */ = {
			isa = PBXGroup;
			children = (
				0145558A1D7D62C90046600A /* LWTabbar.app */,
				014555A31D7D62C90046600A /* LWTabbarTests.xctest */,
				014555AE1D7D62C90046600A /* LWTabbarUITests.xctest */,
			);
			name = Products;
			sourceTree = "<group>";
		};
		0145558C1D7D62C90046600A /* LWTabbar */ = {
			isa = PBXGroup;
			children = (
				014555D01D7D68870046600A /* viewController */,
				014555C41D7D65B60046600A /* category */,
				014555901D7D62C90046600A /* AppDelegate.h */,
				014555911D7D62C90046600A /* AppDelegate.m */,
				014555CE1D7D686D0046600A /* Tool */,
				014555961D7D62C90046600A /* Main.storyboard */,
				014555991D7D62C90046600A /* Assets.xcassets */,
				0145559B1D7D62C90046600A /* LaunchScreen.storyboard */,
				0145559E1D7D62C90046600A /* Info.plist */,
				0145558D1D7D62C90046600A /* Supporting Files */,
			);
			path = LWTabbar;
			sourceTree = "<group>";
		};
		0145558D1D7D62C90046600A /* Supporting Files */ = {
			isa = PBXGroup;
			children = (
				0145558E1D7D62C90046600A /* main.m */,
			);
			name = "Supporting Files";
			sourceTree = "<group>";
		};
		014555A61D7D62C90046600A /* LWTabbarTests */ = {
			isa = PBXGroup;
			children = (
				014555A71D7D62C90046600A /* LWTabbarTests.m */,
				014555A91D7D62C90046600A /* Info.plist */,
			);
			path = LWTabbarTests;
			sourceTree = "<group>";
		};
		014555B11D7D62C90046600A /* LWTabbarUITests */ = {
			isa = PBXGroup;
			children = (
				014555B21D7D62C90046600A /* LWTabbarUITests.m */,
				014555B41D7D62C90046600A /* Info.plist */,
			);
			path = LWTabbarUITests;
			sourceTree = "<group>";
		};
		014555C41D7D65B60046600A /* category */ = {
			isa = PBXGroup;
			children = (
				014555C51D7D65B60046600A /* UIImage+Image.h */,
				014555C61D7D65B60046600A /* UIImage+Image.m */,
				014555C71D7D65B60046600A /* UIView+Frame.h */,
				014555C81D7D65B60046600A /* UIView+Frame.m */,
			);
			path = category;
			sourceTree = "<group>";
		};
		014555CE1D7D686D0046600A /* Tool */ = {
			isa = PBXGroup;
			children = (
				014555C01D7D63100046600A /* LWTabbarController.h */,
				014555C11D7D63100046600A /* LWTabbarController.m */,
				014555CB1D7D66C60046600A /* LWNavigationController.h */,
				014555CC1D7D66C60046600A /* LWNavigationController.m */,
				01293FB01D7E619A00B259D3 /* LWCenterViewController.h */,
				01293FB11D7E619A00B259D3 /* LWCenterViewController.m */,
				01293FAD1D7E5DF300B259D3 /* LWCenterBtn.h */,
				01293FAE1D7E5DF300B259D3 /* LWCenterBtn.m */,
			);
			name = Tool;
			sourceTree = "<group>";
		};
		014555D01D7D68870046600A /* viewController */ = {
			isa = PBXGroup;
			children = (
				014555D11D7D68B00046600A /* HomeViewController.h */,
				014555D21D7D68B00046600A /* HomeViewController.m */,
				014555D41D7D68C00046600A /* SecondViewController.h */,
				014555D51D7D68C00046600A /* SecondViewController.m */,
				014555D71D7D68C80046600A /* ThirdViewController.h */,
				014555D81D7D68C80046600A /* ThirdViewController.m */,
				014555DA1D7D68D00046600A /* MineViewController.h */,
				014555DB1D7D68D00046600A /* MineViewController.m */,
			);
			name = viewController;
			sourceTree = "<group>";
		};
/* End PBXGroup section */

/* Begin PBXNativeTarget section */
		014555891D7D62C90046600A /* LWTabbar */ = {
			isa = PBXNativeTarget;
			buildConfigurationList = 014555B71D7D62C90046600A /* Build configuration list for PBXNativeTarget "LWTabbar" */;
			buildPhases = (
				014555861D7D62C90046600A /* Sources */,
				014555871D7D62C90046600A /* Frameworks */,
				014555881D7D62C90046600A /* Resources */,
			);
			buildRules = (
			);
			dependencies = (
			);
			name = LWTabbar;
			productName = LWTabbar;
			productReference = 0145558A1D7D62C90046600A /* LWTabbar.app */;
			productType = "com.apple.product-type.application";
		};
		014555A21D7D62C90046600A /* LWTabbarTests */ = {
			isa = PBXNativeTarget;
			buildConfigurationList = 014555BA1D7D62C90046600A /* Build configuration list for PBXNativeTarget "LWTabbarTests" */;
			buildPhases = (
				0145559F1D7D62C90046600A /* Sources */,
				014555A01D7D62C90046600A /* Frameworks */,
				014555A11D7D62C90046600A /* Resources */,
			);
			buildRules = (
			);
			dependencies = (
				014555A51D7D62C90046600A /* PBXTargetDependency */,
			);
			name = LWTabbarTests;
			productName = LWTabbarTests;
			productReference = 014555A31D7D62C90046600A /* LWTabbarTests.xctest */;
			productType = "com.apple.product-type.bundle.unit-test";
		};
		014555AD1D7D62C90046600A /* LWTabbarUITests */ = {
			isa = PBXNativeTarget;
			buildConfigurationList = 014555BD1D7D62C90046600A /* Build configuration list for PBXNativeTarget "LWTabbarUITests" */;
			buildPhases = (
				014555AA1D7D62C90046600A /* Sources */,
				014555AB1D7D62C90046600A /* Frameworks */,
				014555AC1D7D62C90046600A /* Resources */,
			);
			buildRules = (
			);
			dependencies = (
				014555B01D7D62C90046600A /* PBXTargetDependency */,
			);
			name = LWTabbarUITests;
			productName = LWTabbarUITests;
			productReference = 014555AE1D7D62C90046600A /* LWTabbarUITests.xctest */;
			productType = "com.apple.product-type.bundle.ui-testing";
		};
/* End PBXNativeTarget section */

/* Begin PBXProject section */
		014555821D7D62C90046600A /* Project object */ = {
			isa = PBXProject;
			attributes = {
				LastUpgradeCheck = 0730;
				ORGANIZATIONNAME = "Liu Wei";
				TargetAttributes = {
					014555891D7D62C90046600A = {
						CreatedOnToolsVersion = 7.3.1;
					};
					014555A21D7D62C90046600A = {
						CreatedOnToolsVersion = 7.3.1;
						TestTargetID = 014555891D7D62C90046600A;
					};
					014555AD1D7D62C90046600A = {
						CreatedOnToolsVersion = 7.3.1;
						TestTargetID = 014555891D7D62C90046600A;
					};
				};
			};
			buildConfigurationList = 014555851D7D62C90046600A /* Build configuration list for PBXProject "LWTabbar" */;
			compatibilityVersion = "Xcode 3.2";
			developmentRegion = English;
			hasScannedForEncodings = 0;
			knownRegions = (
				en,
				Base,
			);
			mainGroup = 014555811D7D62C90046600A;
			productRefGroup = 0145558B1D7D62C90046600A /* Products */;
			projectDirPath = "";
			projectRoot = "";
			targets = (
				014555891D7D62C90046600A /* LWTabbar */,
				014555A21D7D62C90046600A /* LWTabbarTests */,
				014555AD1D7D62C90046600A /* LWTabbarUITests */,
			);
		};
/* End PBXProject section */

/* Begin PBXResourcesBuildPhase section */
		014555881D7D62C90046600A /* Resources */ = {
			isa = PBXResourcesBuildPhase;
			buildActionMask = 2147483647;
			files = (
				0145559D1D7D62C90046600A /* LaunchScreen.storyboard in Resources */,
				0145559A1D7D62C90046600A /* Assets.xcassets in Resources */,
				014555981D7D62C90046600A /* Main.storyboard in Resources */,
			);
			runOnlyForDeploymentPostprocessing = 0;
		};
		014555A11D7D62C90046600A /* Resources */ = {
			isa = PBXResourcesBuildPhase;
			buildActionMask = 2147483647;
			files = (
			);
			runOnlyForDeploymentPostprocessing = 0;
		};
		014555AC1D7D62C90046600A /* Resources */ = {
			isa = PBXResourcesBuildPhase;
			buildActionMask = 2147483647;
			files = (
			);
			runOnlyForDeploymentPostprocessing = 0;
		};
/* End PBXResourcesBuildPhase section */

/* Begin PBXSourcesBuildPhase section */
		014555861D7D62C90046600A /* Sources */ = {
			isa = PBXSourcesBuildPhase;
			buildActionMask = 2147483647;
			files = (
				01293FAF1D7E5DF300B259D3 /* LWCenterBtn.m in Sources */,
				014555921D7D62C90046600A /* AppDelegate.m in Sources */,
				014555C91D7D65B60046600A /* UIImage+Image.m in Sources */,
				014555CD1D7D66C60046600A /* LWNavigationController.m in Sources */,
				0145558F1D7D62C90046600A /* main.m in Sources */,
				014555D61D7D68C00046600A /* SecondViewController.m in Sources */,
				014555D91D7D68C80046600A /* ThirdViewController.m in Sources */,
				014555CA1D7D65B60046600A /* UIView+Frame.m in Sources */,
				014555DC1D7D68D00046600A /* MineViewController.m in Sources */,
				014555D31D7D68B00046600A /* HomeViewController.m in Sources */,
				01293FB21D7E619A00B259D3 /* LWCenterViewController.m in Sources */,
				014555C21D7D63100046600A /* LWTabbarController.m in Sources */,
			);
			runOnlyForDeploymentPostprocessing = 0;
		};
		0145559F1D7D62C90046600A /* Sources */ = {
			isa = PBXSourcesBuildPhase;
			buildActionMask = 2147483647;
			files = (
				014555A81D7D62C90046600A /* LWTabbarTests.m in Sources */,
			);
			runOnlyForDeploymentPostprocessing = 0;
		};
		014555AA1D7D62C90046600A /* Sources */ = {
			isa = PBXSourcesBuildPhase;
			buildActionMask = 2147483647;
			files = (
				014555B31D7D62C90046600A /* LWTabbarUITests.m in Sources */,
			);
			runOnlyForDeploymentPostprocessing = 0;
		};
/* End PBXSourcesBuildPhase section */

/* Begin PBXTargetDependency section */
		014555A51D7D62C90046600A /* PBXTargetDependency */ = {
			isa = PBXTargetDependency;
			target = 014555891D7D62C90046600A /* LWTabbar */;
			targetProxy = 014555A41D7D62C90046600A /* PBXContainerItemProxy */;
		};
		014555B01D7D62C90046600A /* PBXTargetDependency */ = {
			isa = PBXTargetDependency;
			target = 014555891D7D62C90046600A /* LWTabbar */;
			targetProxy = 014555AF1D7D62C90046600A /* PBXContainerItemProxy */;
		};
/* End PBXTargetDependency section */

/* Begin PBXVariantGroup section */
		014555961D7D62C90046600A /* Main.storyboard */ = {
			isa = PBXVariantGroup;
			children = (
				014555971D7D62C90046600A /* Base */,
			);
			name = Main.storyboard;
			sourceTree = "<group>";
		};
		0145559B1D7D62C90046600A /* LaunchScreen.storyboard */ = {
			isa = PBXVariantGroup;
			children = (
				0145559C1D7D62C90046600A /* Base */,
			);
			name = LaunchScreen.storyboard;
			sourceTree = "<group>";
		};
/* End PBXVariantGroup section */

/* Begin XCBuildConfiguration section */
		014555B51D7D62C90046600A /* Debug */ = {
			isa = XCBuildConfiguration;
			buildSettings = {
				ALWAYS_SEARCH_USER_PATHS = NO;
				CLANG_ANALYZER_NONNULL = YES;
				CLANG_CXX_LANGUAGE_STANDARD = "gnu++0x";
				CLANG_CXX_LIBRARY = "libc++";
				CLANG_ENABLE_MODULES = YES;
				CLANG_ENABLE_OBJC_ARC = YES;
				CLANG_WARN_BOOL_CONVERSION = YES;
				CLANG_WARN_CONSTANT_CONVERSION = YES;
				CLANG_WARN_DIRECT_OBJC_ISA_USAGE = YES_ERROR;
				CLANG_WARN_EMPTY_BODY = YES;
				CLANG_WARN_ENUM_CONVERSION = YES;
				CLANG_WARN_INT_CONVERSION = YES;
				CLANG_WARN_OBJC_ROOT_CLASS = YES_ERROR;
				CLANG_WARN_UNREACHABLE_CODE = YES;
				CLANG_WARN__DUPLICATE_METHOD_MATCH = YES;
				"CODE_SIGN_IDENTITY[sdk=iphoneos*]" = "iPhone Developer";
				COPY_PHASE_STRIP = NO;
				DEBUG_INFORMATION_FORMAT = dwarf;
				ENABLE_STRICT_OBJC_MSGSEND = YES;
				ENABLE_TESTABILITY = YES;
				GCC_C_LANGUAGE_STANDARD = gnu99;
				GCC_DYNAMIC_NO_PIC = NO;
				GCC_NO_COMMON_BLOCKS = YES;
				GCC_OPTIMIZATION_LEVEL = 0;
				GCC_PREPROCESSOR_DEFINITIONS = (
					"DEBUG=1",
					"$(inherited)",
				);
				GCC_WARN_64_TO_32_BIT_CONVERSION = YES;
				GCC_WARN_ABOUT_RETURN_TYPE = YES_ERROR;
				GCC_WARN_UNDECLARED_SELECTOR = YES;
				GCC_WARN_UNINITIALIZED_AUTOS = YES_AGGRESSIVE;
				GCC_WARN_UNUSED_FUNCTION = YES;
				GCC_WARN_UNUSED_VARIABLE = YES;
				IPHONEOS_DEPLOYMENT_TARGET = 9.3;
				MTL_ENABLE_DEBUG_INFO = YES;
				ONLY_ACTIVE_ARCH = YES;
				SDKROOT = iphoneos;
			};
			name = Debug;
		};
		014555B61D7D62C90046600A /* Release */ = {
			isa = XCBuildConfiguration;
			buildSettings = {
				ALWAYS_SEARCH_USER_PATHS = NO;
				CLANG_ANALYZER_NONNULL = YES;
				CLANG_CXX_LANGUAGE_STANDARD = "gnu++0x";
				CLANG_CXX_LIBRARY = "libc++";
				CLANG_ENABLE_MODULES = YES;
				CLANG_ENABLE_OBJC_ARC = YES;
				CLANG_WARN_BOOL_CONVERSION = YES;
				CLANG_WARN_CONSTANT_CONVERSION = YES;
				CLANG_WARN_DIRECT_OBJC_ISA_USAGE = YES_ERROR;
				CLANG_WARN_EMPTY_BODY = YES;
				CLANG_WARN_ENUM_CONVERSION = YES;
				CLANG_WARN_INT_CONVERSION = YES;
				CLANG_WARN_OBJC_ROOT_CLASS = YES_ERROR;
				CLANG_WARN_UNREACHABLE_CODE = YES;
				CLANG_WARN__DUPLICATE_METHOD_MATCH = YES;
				"CODE_SIGN_IDENTITY[sdk=iphoneos*]" = "iPhone Developer";
				COPY_PHASE_STRIP = NO;
				DEBUG_INFORMATION_FORMAT = "dwarf-with-dsym";
				ENABLE_NS_ASSERTIONS = NO;
				ENABLE_STRICT_OBJC_MSGSEND = YES;
				GCC_C_LANGUAGE_STANDARD = gnu99;
				GCC_NO_COMMON_BLOCKS = YES;
				GCC_WARN_64_TO_32_BIT_CONVERSION = YES;
				GCC_WARN_ABOUT_RETURN_TYPE = YES_ERROR;
				GCC_WARN_UNDECLARED_SELECTOR = YES;
				GCC_WARN_UNINITIALIZED_AUTOS = YES_AGGRESSIVE;
				GCC_WARN_UNUSED_FUNCTION = YES;
				GCC_WARN_UNUSED_VARIABLE = YES;
				IPHONEOS_DEPLOYMENT_TARGET = 9.3;
				MTL_ENABLE_DEBUG_INFO = NO;
				SDKROOT = iphoneos;
				VALIDATE_PRODUCT = YES;
			};
			name = Release;
		};
		014555B81D7D62C90046600A /* Debug */ = {
			isa = XCBuildConfiguration;
			buildSettings = {
				ASSETCATALOG_COMPILER_APPICON_NAME = AppIcon;
				INFOPLIST_FILE = LWTabbar/Info.plist;
				IPHONEOS_DEPLOYMENT_TARGET = 8.1;
				LD_RUNPATH_SEARCH_PATHS = "$(inherited) @executable_path/Frameworks";
				PRODUCT_BUNDLE_IDENTIFIER = GG.LWTabbar;
				PRODUCT_NAME = "$(TARGET_NAME)";
			};
			name = Debug;
		};
		014555B91D7D62C90046600A /* Release */ = {
			isa = XCBuildConfiguration;
			buildSettings = {
				ASSETCATALOG_COMPILER_APPICON_NAME = AppIcon;
				INFOPLIST_FILE = LWTabbar/Info.plist;
				IPHONEOS_DEPLOYMENT_TARGET = 8.1;
				LD_RUNPATH_SEARCH_PATHS = "$(inherited) @executable_path/Frameworks";
				PRODUCT_BUNDLE_IDENTIFIER = GG.LWTabbar;
				PRODUCT_NAME = "$(TARGET_NAME)";
			};
			name = Release;
		};
		014555BB1D7D62C90046600A /* Debug */ = {
			isa = XCBuildConfiguration;
			buildSettings = {
				BUNDLE_LOADER = "$(TEST_HOST)";
				INFOPLIST_FILE = LWTabbarTests/Info.plist;
				LD_RUNPATH_SEARCH_PATHS = "$(inherited) @executable_path/Frameworks @loader_path/Frameworks";
				PRODUCT_BUNDLE_IDENTIFIER = GG.LWTabbarTests;
				PRODUCT_NAME = "$(TARGET_NAME)";
				TEST_HOST = "$(BUILT_PRODUCTS_DIR)/LWTabbar.app/LWTabbar";
			};
			name = Debug;
		};
		014555BC1D7D62C90046600A /* Release */ = {
			isa = XCBuildConfiguration;
			buildSettings = {
				BUNDLE_LOADER = "$(TEST_HOST)";
				INFOPLIST_FILE = LWTabbarTests/Info.plist;
				LD_RUNPATH_SEARCH_PATHS = "$(inherited) @executable_path/Frameworks @loader_path/Frameworks";
				PRODUCT_BUNDLE_IDENTIFIER = GG.LWTabbarTests;
				PRODUCT_NAME = "$(TARGET_NAME)";
				TEST_HOST = "$(BUILT_PRODUCTS_DIR)/LWTabbar.app/LWTabbar";
			};
			name = Release;
		};
		014555BE1D7D62C90046600A /* Debug */ = {
			isa = XCBuildConfiguration;
			buildSettings = {
				INFOPLIST_FILE = LWTabbarUITests/Info.plist;
				LD_RUNPATH_SEARCH_PATHS = "$(inherited) @executable_path/Frameworks @loader_path/Frameworks";
				PRODUCT_BUNDLE_IDENTIFIER = GG.LWTabbarUITests;
				PRODUCT_NAME = "$(TARGET_NAME)";
				TEST_TARGET_NAME = LWTabbar;
			};
			name = Debug;
		};
		014555BF1D7D62C90046600A /* Release */ = {
			isa = XCBuildConfiguration;
			buildSettings = {
				INFOPLIST_FILE = LWTabbarUITests/Info.plist;
				LD_RUNPATH_SEARCH_PATHS = "$(inherited) @executable_path/Frameworks @loader_path/Frameworks";
				PRODUCT_BUNDLE_IDENTIFIER = GG.LWTabbarUITests;
				PRODUCT_NAME = "$(TARGET_NAME)";
				TEST_TARGET_NAME = LWTabbar;
			};
			name = Release;
		};
/* End XCBuildConfiguration section */

/* Begin XCConfigurationList section */
		014555851D7D62C90046600A /* Build configuration list for PBXProject "LWTabbar" */ = {
			isa = XCConfigurationList;
			buildConfigurations = (
				014555B51D7D62C90046600A /* Debug */,
				014555B61D7D62C90046600A /* Release */,
			);
			defaultConfigurationIsVisible = 0;
			defaultConfigurationName = Release;
		};
		014555B71D7D62C90046600A /* Build configuration list for PBXNativeTarget "LWTabbar" */ = {
			isa = XCConfigurationList;
			buildConfigurations = (
				014555B81D7D62C90046600A /* Debug */,
				014555B91D7D62C90046600A /* Release */,
			);
			defaultConfigurationIsVisible = 0;
			defaultConfigurationName = Release;
		};
		014555BA1D7D62C90046600A /* Build configuration list for PBXNativeTarget "LWTabbarTests" */ = {
			isa = XCConfigurationList;
			buildConfigurations = (
				014555BB1D7D62C90046600A /* Debug */,
				014555BC1D7D62C90046600A /* Release */,
			);
			defaultConfigurationIsVisible = 0;
			defaultConfigurationName = Release;
		};
		014555BD1D7D62C90046600A /* Build configuration list for PBXNativeTarget "LWTabbarUITests" */ = {
			isa = XCConfigurationList;
			buildConfigurations = (
				014555BE1D7D62C90046600A /* Debug */,
				014555BF1D7D62C90046600A /* Release */,
			);
			defaultConfigurationIsVisible = 0;
			defaultConfigurationName = Release;
		};
/* End XCConfigurationList section */
	};
	rootObject = 014555821D7D62C90046600A /* Project object */;
}
